
Microsoft Visual Studio Solution File, Format Version 12.00
# Visual Studio 15
VisualStudioVersion = 15.0.28307.168
MinimumVisualStudioVersion = 10.0.40219.1
Project("{FAE04EC0-301F-11D3-BF4B-00C04F79EFBC}") = "3-25 simcha-fund", "3-25 simcha-fund\3-25 simcha-fund.csproj", "{75328C5A-0949-499F-B359-0CC0B51E16D1}"
EndProject
Project("{FAE04EC0-301F-11D3-BF4B-00C04F79EFBC}") = "SimchaFundManager", "SimchaFundManager\SimchaFundManager.csproj", "{B1F39D60-89D2-4B19-B0F9-60F3E522170D}"
EndProject
Global
	GlobalSection(SolutionConfigurationPlatforms) = preSolution
		Debug|Any CPU = Debug|Any CPU
		Release|Any CPU = Release|Any CPU
	EndGlobalSection
	GlobalSection(ProjectConfigurationPlatforms) = postSolution
		{75328C5A-0949-499F-B359-0CC0B51E16D1}.Debug|Any CPU.ActiveCfg = Debug|Any CPU
		{75328C5A-0949-499F-B359-0CC0B51E16D1}.Debug|Any CPU.Build.0 = Debug|Any CPU
		{75328C5A-0949-499F-B359-0CC0B51E16D1}.Release|Any CPU.ActiveCfg = Release|Any CPU
		{75328C5A-0949-499F-B359-0CC0B51E16D1}.Release|Any CPU.Build.0 = Release|Any CPU
		{B1F39D60-89D2-4B19-B0F9-60F3E522170D}.Debug|Any CPU.ActiveCfg = Debug|Any CPU
		{B1F39D60-89D2-4B19-B0F9-60F3E522170D}.Debug|Any CPU.Build.0 = Debug|Any CPU
		{B1F39D60-89D2-4B19-B0F9-60F3E522170D}.Release|Any CPU.ActiveCfg = Release|Any CPU
		{B1F39D60-89D2-4B19-B0F9-60F3E522170D}.Release|Any CPU.Build.0 = Release|Any CPU
	EndGlobalSection
	GlobalSection(SolutionProperties) = preSolution
		HideSolutionNode = FALSE
	EndGlobalSection
	GlobalSection(ExtensibilityGlobals) = postSolution
		SolutionGuid = {E741CC57-2815-4A51-95D6-AA4968BD6053}
	EndGlobalSection
EndGlobal
